
Microsoft Visual Studio Solution File, Format Version 12.00
Project("{FAE04EC0-301F-11D3-BF4B-00C04F79EFBC}") = "Melville.IOC", "src\Melville.IOC\Melville.IOC.csproj", "{38E22C65-8C05-4703-9587-A0133996C165}"
EndProject
Project("{FAE04EC0-301F-11D3-BF4B-00C04F79EFBC}") = "Melville.IOC.AspNet", "src\Melville.IOC.AspNet\Melville.IOC.AspNet.csproj", "{3D7EFB7C-D1A3-45F6-8BF7-7944825B0D9C}"
EndProject
Project("{FAE04EC0-301F-11D3-BF4B-00C04F79EFBC}") = "Melville.IOC.Test", "src\Melville.IOC.Test\Melville.IOC.Test.csproj", "{02E5FFF0-7332-4E91-A315-421EA044DC4B}"
EndProject
Project("{2150E333-8FDC-42A3-9474-1A3956D46DE8}") = "IOC", "IOC", "{8379C50E-4E57-49A3-8AB1-BEC01D3CB81F}"
EndProject
Project("{2150E333-8FDC-42A3-9474-1A3956D46DE8}") = "Tools", "Tools", "{180FAD0F-CEF1-43DF-B15B-C4D4D74EDF7C}"
EndProject
Project("{FAE04EC0-301F-11D3-BF4B-00C04F79EFBC}") = "WebDashboard", "src\WebDashboard\WebDashboard.csproj", "{982DEF03-AD20-4FB7-8791-C1CAD3C6FA7A}"
EndProject
Project("{FAE04EC0-301F-11D3-BF4B-00C04F79EFBC}") = "WebDashboard.Test", "src\WebDashboard.Test\WebDashboard.Test.csproj", "{2965918A-6A37-4C59-8BE8-B7C4C4DAA6D7}"
EndProject
Project("{2150E333-8FDC-42A3-9474-1A3956D46DE8}") = "MVVM", "MVVM", "{3962AEC7-0B44-4291-8B32-55DB84511B8B}"
EndProject
Project("{FAE04EC0-301F-11D3-BF4B-00C04F79EFBC}") = "Melville.MVVM", "src\Melville.MVVM\Melville.MVVM.csproj", "{AA893AFD-6518-4E1F-A205-E32DDFCEF228}"
EndProject
Project("{FAE04EC0-301F-11D3-BF4B-00C04F79EFBC}") = "Melville.Mvvm.Test", "src\Melville.Mvvm.Test\Melville.Mvvm.Test.csproj", "{76BBB117-03D0-467D-B67F-FA4B70B8A03A}"
EndProject
Project("{2150E333-8FDC-42A3-9474-1A3956D46DE8}") = "Test", "Test", "{88DB3BAA-BC1D-4D7C-9502-C671B31BA6BE}"
EndProject
Project("{FAE04EC0-301F-11D3-BF4B-00C04F79EFBC}") = "Melville.TestHelpers", "src\Melville.TestHelpers\Melville.TestHelpers.csproj", "{4C71CF97-BCE0-4578-9513-A4B961254339}"
EndProject
Project("{FAE04EC0-301F-11D3-BF4B-00C04F79EFBC}") = "Melville.Mvvm.TestHelpers", "src\Melville.Mvvm.TestHelpers\Melville.Mvvm.TestHelpers.csproj", "{39351F2B-EFF1-4BC6-BE5A-0EFD516ABA6B}"
EndProject
Project("{FAE04EC0-301F-11D3-BF4B-00C04F79EFBC}") = "Melville.TestHelpers.Test", "src\Melville.TestHelpers.Test\Melville.TestHelpers.Test.csproj", "{E2DD23DC-A8D9-4BB5-BA62-E57BE7EF5077}"
EndProject
Project("{FAE04EC0-301F-11D3-BF4B-00C04F79EFBC}") = "Melville.MVVM.Wpf", "src\Melville.MVVM.Wpf\Melville.MVVM.Wpf.csproj", "{431001DA-C1CF-415D-84A8-E63D5980B13D}"
EndProject
Project("{FAE04EC0-301F-11D3-BF4B-00C04F79EFBC}") = "Melville.MVVM.WPF.Test", "src\Melville.MVVM.WPF.Test\Melville.MVVM.WPF.Test.csproj", "{95CBE9F2-9E58-4360-8492-8CB4057C2723}"
EndProject
Project("{2150E333-8FDC-42A3-9474-1A3956D46DE8}") = "WPF", "WPF", "{0A205128-7E45-4AAF-96F5-749119BF47E5}"
EndProject
Project("{FAE04EC0-301F-11D3-BF4B-00C04F79EFBC}") = "Melville.WpfControls", "src\Melville.WpfControls\Melville.WpfControls.csproj", "{5C343CCF-C360-4CCF-9322-75BA24AC7A69}"
EndProject
Project("{FAE04EC0-301F-11D3-BF4B-00C04F79EFBC}") = "Melville.WpfControls.Test", "src\Melville.WpfControls.Test\Melville.WpfControls.Test.csproj", "{1E3672DE-5FFB-4AEC-A272-D26826517047}"
EndProject
Project("{FAE04EC0-301F-11D3-BF4B-00C04F79EFBC}") = "Melville.Wpf.Samples", "Src\Melville.Wpf.Samples\Melville.Wpf.Samples.csproj", "{AEFC0E6E-D7BB-4167-ADC3-5F05E0DB8ED8}"
EndProject
Project("{FAE04EC0-301F-11D3-BF4B-00C04F79EFBC}") = "Melville.Ioc.Interception", "src\Melville.Ioc.Interception\Melville.Ioc.Interception.csproj", "{C84FFEED-DFF0-4FEF-918D-923291EA89B8}"
EndProject
Project("{2150E333-8FDC-42A3-9474-1A3956D46DE8}") = "Logging", "Logging", "{C5F1CD9D-6E6A-4EFD-8E13-DBBE4BC04205}"
EndProject
Project("{FAE04EC0-301F-11D3-BF4B-00C04F79EFBC}") = "Melville.AspNetCoreLocalLog", "src\Melville.AspNetCoreLocalLog\Melville.AspNetCoreLocalLog.csproj", "{B7C4DF2D-566C-4E92-B0E1-FBBB04C4630D}"
EndProject
Project("{FAE04EC0-301F-11D3-BF4B-00C04F79EFBC}") = "AspNetCoreLocalLogTest", "src\AspNetCoreLocalLogTest\AspNetCoreLocalLogTest.csproj", "{7A493341-4540-4F74-BBA5-A3394D1732FB}"
EndProject
Project("{FAE04EC0-301F-11D3-BF4B-00C04F79EFBC}") = "SendMailService", "src\SendMailService\SendMailService.csproj", "{7BC43EF5-BC2D-4555-B18A-C798BFA16504}"
EndProject
Project("{2150E333-8FDC-42A3-9474-1A3956D46DE8}") = "DataAnalysis", "DataAnalysis", "{BCA843E9-83B1-469E-829A-8F6D77A70FD3}"
EndProject
Project("{FAE04EC0-301F-11D3-BF4B-00C04F79EFBC}") = "Melville.CurveFit", "src\Melville.CurveFit\Melville.CurveFit.csproj", "{D4130AB6-BFB7-4890-A23C-0661DF7F7511}"
EndProject
Project("{FAE04EC0-301F-11D3-BF4B-00C04F79EFBC}") = "Melville.CurveFit.Test", "src\Melville.CurveFit.Test\Melville.CurveFit.Test.csproj", "{505295EC-A4F2-4673-8A33-52E32AB0BE1E}"
EndProject
Project("{FAE04EC0-301F-11D3-BF4B-00C04F79EFBC}") = "Melville.ExcelDataContext", "src\Melville.ExcelDataContext\Melville.ExcelDataContext.csproj", "{A48F3287-1B2D-4FE1-9DE8-288792058941}"
EndProject
Project("{FAE04EC0-301F-11D3-BF4B-00C04F79EFBC}") = "Melville.Linq.Statistics", "src\Melville.Linq.Statistics\Melville.Linq.Statistics.csproj", "{1D419A07-A24C-470C-9CD6-7C611B55B9E3}"
EndProject
Project("{FAE04EC0-301F-11D3-BF4B-00C04F79EFBC}") = "Melville.Linq.Statistics.Test", "src\Melville.Linq.Statistics.Test\Melville.Linq.Statistics.Test.csproj", "{DCF309BF-CC45-427A-80B8-166C15B59D62}"
EndProject
Project("{FAE04EC0-301F-11D3-BF4B-00C04F79EFBC}") = "Melville.Log.Viewer", "Melville.Log.Viewer\Melville.Log.Viewer.csproj", "{CC5D1FB3-D748-4F23-8365-FCA15C304DCA}"
EndProject
Project("{FAE04EC0-301F-11D3-BF4B-00C04F79EFBC}") = "Melville.Log.NamedPipeEventSink", "Melville.Log.NamedPipeEventSink\Melville.Log.NamedPipeEventSink.csproj", "{18ABD13A-71C6-4ECA-9685-04066404C1D9}"
EndProject
Project("{FAE04EC0-301F-11D3-BF4B-00C04F79EFBC}") = "LoggingTestWebsite", "Src\LoggingTestWebsite\LoggingTestWebsite.csproj", "{F0EEDAB6-AABD-49B9-9DAC-95019B98D5B4}"
EndProject
Project("{FAE04EC0-301F-11D3-BF4B-00C04F79EFBC}") = "Melville.WpfIocMvvm", "src\Melville.WpfIocMvvm\Melville.WpfIocMvvm.csproj", "{12272FD4-58F6-42B6-BE62-7E73C04FB7A7}"
EndProject
Global
	GlobalSection(SolutionConfigurationPlatforms) = preSolution
		Debug|Any CPU = Debug|Any CPU
		Release|Any CPU = Release|Any CPU
	EndGlobalSection
	GlobalSection(ProjectConfigurationPlatforms) = postSolution
		{38E22C65-8C05-4703-9587-A0133996C165}.Debug|Any CPU.ActiveCfg = Debug|Any CPU
		{38E22C65-8C05-4703-9587-A0133996C165}.Debug|Any CPU.Build.0 = Debug|Any CPU
		{38E22C65-8C05-4703-9587-A0133996C165}.Release|Any CPU.ActiveCfg = Release|Any CPU
		{38E22C65-8C05-4703-9587-A0133996C165}.Release|Any CPU.Build.0 = Release|Any CPU
		{3D7EFB7C-D1A3-45F6-8BF7-7944825B0D9C}.Debug|Any CPU.ActiveCfg = Debug|Any CPU
		{3D7EFB7C-D1A3-45F6-8BF7-7944825B0D9C}.Debug|Any CPU.Build.0 = Debug|Any CPU
		{3D7EFB7C-D1A3-45F6-8BF7-7944825B0D9C}.Release|Any CPU.ActiveCfg = Release|Any CPU
		{3D7EFB7C-D1A3-45F6-8BF7-7944825B0D9C}.Release|Any CPU.Build.0 = Release|Any CPU
		{02E5FFF0-7332-4E91-A315-421EA044DC4B}.Debug|Any CPU.ActiveCfg = Debug|Any CPU
		{02E5FFF0-7332-4E91-A315-421EA044DC4B}.Debug|Any CPU.Build.0 = Debug|Any CPU
		{02E5FFF0-7332-4E91-A315-421EA044DC4B}.Release|Any CPU.ActiveCfg = Release|Any CPU
		{02E5FFF0-7332-4E91-A315-421EA044DC4B}.Release|Any CPU.Build.0 = Release|Any CPU
		{982DEF03-AD20-4FB7-8791-C1CAD3C6FA7A}.Debug|Any CPU.ActiveCfg = Debug|Any CPU
		{982DEF03-AD20-4FB7-8791-C1CAD3C6FA7A}.Debug|Any CPU.Build.0 = Debug|Any CPU
		{982DEF03-AD20-4FB7-8791-C1CAD3C6FA7A}.Release|Any CPU.ActiveCfg = Release|Any CPU
		{982DEF03-AD20-4FB7-8791-C1CAD3C6FA7A}.Release|Any CPU.Build.0 = Release|Any CPU
		{2965918A-6A37-4C59-8BE8-B7C4C4DAA6D7}.Debug|Any CPU.ActiveCfg = Debug|Any CPU
		{2965918A-6A37-4C59-8BE8-B7C4C4DAA6D7}.Debug|Any CPU.Build.0 = Debug|Any CPU
		{2965918A-6A37-4C59-8BE8-B7C4C4DAA6D7}.Release|Any CPU.ActiveCfg = Release|Any CPU
		{2965918A-6A37-4C59-8BE8-B7C4C4DAA6D7}.Release|Any CPU.Build.0 = Release|Any CPU
		{AA893AFD-6518-4E1F-A205-E32DDFCEF228}.Debug|Any CPU.ActiveCfg = Debug|Any CPU
		{AA893AFD-6518-4E1F-A205-E32DDFCEF228}.Debug|Any CPU.Build.0 = Debug|Any CPU
		{AA893AFD-6518-4E1F-A205-E32DDFCEF228}.Release|Any CPU.ActiveCfg = Release|Any CPU
		{AA893AFD-6518-4E1F-A205-E32DDFCEF228}.Release|Any CPU.Build.0 = Release|Any CPU
		{76BBB117-03D0-467D-B67F-FA4B70B8A03A}.Debug|Any CPU.ActiveCfg = Debug|Any CPU
		{76BBB117-03D0-467D-B67F-FA4B70B8A03A}.Debug|Any CPU.Build.0 = Debug|Any CPU
		{76BBB117-03D0-467D-B67F-FA4B70B8A03A}.Release|Any CPU.ActiveCfg = Release|Any CPU
		{76BBB117-03D0-467D-B67F-FA4B70B8A03A}.Release|Any CPU.Build.0 = Release|Any CPU
		{4C71CF97-BCE0-4578-9513-A4B961254339}.Debug|Any CPU.ActiveCfg = Debug|Any CPU
		{4C71CF97-BCE0-4578-9513-A4B961254339}.Debug|Any CPU.Build.0 = Debug|Any CPU
		{4C71CF97-BCE0-4578-9513-A4B961254339}.Release|Any CPU.ActiveCfg = Release|Any CPU
		{4C71CF97-BCE0-4578-9513-A4B961254339}.Release|Any CPU.Build.0 = Release|Any CPU
		{39351F2B-EFF1-4BC6-BE5A-0EFD516ABA6B}.Debug|Any CPU.ActiveCfg = Debug|Any CPU
		{39351F2B-EFF1-4BC6-BE5A-0EFD516ABA6B}.Debug|Any CPU.Build.0 = Debug|Any CPU
		{39351F2B-EFF1-4BC6-BE5A-0EFD516ABA6B}.Release|Any CPU.ActiveCfg = Release|Any CPU
		{39351F2B-EFF1-4BC6-BE5A-0EFD516ABA6B}.Release|Any CPU.Build.0 = Release|Any CPU
		{E2DD23DC-A8D9-4BB5-BA62-E57BE7EF5077}.Debug|Any CPU.ActiveCfg = Debug|Any CPU
		{E2DD23DC-A8D9-4BB5-BA62-E57BE7EF5077}.Debug|Any CPU.Build.0 = Debug|Any CPU
		{E2DD23DC-A8D9-4BB5-BA62-E57BE7EF5077}.Release|Any CPU.ActiveCfg = Release|Any CPU
		{E2DD23DC-A8D9-4BB5-BA62-E57BE7EF5077}.Release|Any CPU.Build.0 = Release|Any CPU
		{431001DA-C1CF-415D-84A8-E63D5980B13D}.Debug|Any CPU.ActiveCfg = Debug|Any CPU
		{431001DA-C1CF-415D-84A8-E63D5980B13D}.Debug|Any CPU.Build.0 = Debug|Any CPU
		{431001DA-C1CF-415D-84A8-E63D5980B13D}.Release|Any CPU.ActiveCfg = Release|Any CPU
		{431001DA-C1CF-415D-84A8-E63D5980B13D}.Release|Any CPU.Build.0 = Release|Any CPU
		{95CBE9F2-9E58-4360-8492-8CB4057C2723}.Debug|Any CPU.ActiveCfg = Debug|Any CPU
		{95CBE9F2-9E58-4360-8492-8CB4057C2723}.Debug|Any CPU.Build.0 = Debug|Any CPU
		{95CBE9F2-9E58-4360-8492-8CB4057C2723}.Release|Any CPU.ActiveCfg = Release|Any CPU
		{95CBE9F2-9E58-4360-8492-8CB4057C2723}.Release|Any CPU.Build.0 = Release|Any CPU
		{5C343CCF-C360-4CCF-9322-75BA24AC7A69}.Debug|Any CPU.ActiveCfg = Debug|Any CPU
		{5C343CCF-C360-4CCF-9322-75BA24AC7A69}.Debug|Any CPU.Build.0 = Debug|Any CPU
		{5C343CCF-C360-4CCF-9322-75BA24AC7A69}.Release|Any CPU.ActiveCfg = Release|Any CPU
		{5C343CCF-C360-4CCF-9322-75BA24AC7A69}.Release|Any CPU.Build.0 = Release|Any CPU
		{1E3672DE-5FFB-4AEC-A272-D26826517047}.Debug|Any CPU.ActiveCfg = Debug|Any CPU
		{1E3672DE-5FFB-4AEC-A272-D26826517047}.Debug|Any CPU.Build.0 = Debug|Any CPU
		{1E3672DE-5FFB-4AEC-A272-D26826517047}.Release|Any CPU.ActiveCfg = Release|Any CPU
		{1E3672DE-5FFB-4AEC-A272-D26826517047}.Release|Any CPU.Build.0 = Release|Any CPU
		{AEFC0E6E-D7BB-4167-ADC3-5F05E0DB8ED8}.Debug|Any CPU.ActiveCfg = Debug|Any CPU
		{AEFC0E6E-D7BB-4167-ADC3-5F05E0DB8ED8}.Debug|Any CPU.Build.0 = Debug|Any CPU
		{AEFC0E6E-D7BB-4167-ADC3-5F05E0DB8ED8}.Release|Any CPU.ActiveCfg = Release|Any CPU
		{AEFC0E6E-D7BB-4167-ADC3-5F05E0DB8ED8}.Release|Any CPU.Build.0 = Release|Any CPU
		{C84FFEED-DFF0-4FEF-918D-923291EA89B8}.Debug|Any CPU.ActiveCfg = Debug|Any CPU
		{C84FFEED-DFF0-4FEF-918D-923291EA89B8}.Debug|Any CPU.Build.0 = Debug|Any CPU
		{C84FFEED-DFF0-4FEF-918D-923291EA89B8}.Release|Any CPU.ActiveCfg = Release|Any CPU
		{C84FFEED-DFF0-4FEF-918D-923291EA89B8}.Release|Any CPU.Build.0 = Release|Any CPU
		{B7C4DF2D-566C-4E92-B0E1-FBBB04C4630D}.Debug|Any CPU.ActiveCfg = Debug|Any CPU
		{B7C4DF2D-566C-4E92-B0E1-FBBB04C4630D}.Debug|Any CPU.Build.0 = Debug|Any CPU
		{B7C4DF2D-566C-4E92-B0E1-FBBB04C4630D}.Release|Any CPU.ActiveCfg = Release|Any CPU
		{B7C4DF2D-566C-4E92-B0E1-FBBB04C4630D}.Release|Any CPU.Build.0 = Release|Any CPU
		{7A493341-4540-4F74-BBA5-A3394D1732FB}.Debug|Any CPU.ActiveCfg = Debug|Any CPU
		{7A493341-4540-4F74-BBA5-A3394D1732FB}.Debug|Any CPU.Build.0 = Debug|Any CPU
		{7A493341-4540-4F74-BBA5-A3394D1732FB}.Release|Any CPU.ActiveCfg = Release|Any CPU
		{7A493341-4540-4F74-BBA5-A3394D1732FB}.Release|Any CPU.Build.0 = Release|Any CPU
		{7BC43EF5-BC2D-4555-B18A-C798BFA16504}.Debug|Any CPU.ActiveCfg = Debug|Any CPU
		{7BC43EF5-BC2D-4555-B18A-C798BFA16504}.Debug|Any CPU.Build.0 = Debug|Any CPU
		{7BC43EF5-BC2D-4555-B18A-C798BFA16504}.Release|Any CPU.ActiveCfg = Release|Any CPU
		{7BC43EF5-BC2D-4555-B18A-C798BFA16504}.Release|Any CPU.Build.0 = Release|Any CPU
		{D4130AB6-BFB7-4890-A23C-0661DF7F7511}.Debug|Any CPU.ActiveCfg = Debug|Any CPU
		{D4130AB6-BFB7-4890-A23C-0661DF7F7511}.Debug|Any CPU.Build.0 = Debug|Any CPU
		{D4130AB6-BFB7-4890-A23C-0661DF7F7511}.Release|Any CPU.ActiveCfg = Release|Any CPU
		{D4130AB6-BFB7-4890-A23C-0661DF7F7511}.Release|Any CPU.Build.0 = Release|Any CPU
		{505295EC-A4F2-4673-8A33-52E32AB0BE1E}.Debug|Any CPU.ActiveCfg = Debug|Any CPU
		{505295EC-A4F2-4673-8A33-52E32AB0BE1E}.Debug|Any CPU.Build.0 = Debug|Any CPU
		{505295EC-A4F2-4673-8A33-52E32AB0BE1E}.Release|Any CPU.ActiveCfg = Release|Any CPU
		{505295EC-A4F2-4673-8A33-52E32AB0BE1E}.Release|Any CPU.Build.0 = Release|Any CPU
		{A48F3287-1B2D-4FE1-9DE8-288792058941}.Debug|Any CPU.ActiveCfg = Debug|Any CPU
		{A48F3287-1B2D-4FE1-9DE8-288792058941}.Debug|Any CPU.Build.0 = Debug|Any CPU
		{A48F3287-1B2D-4FE1-9DE8-288792058941}.Release|Any CPU.ActiveCfg = Release|Any CPU
		{A48F3287-1B2D-4FE1-9DE8-288792058941}.Release|Any CPU.Build.0 = Release|Any CPU
		{1D419A07-A24C-470C-9CD6-7C611B55B9E3}.Debug|Any CPU.ActiveCfg = Debug|Any CPU
		{1D419A07-A24C-470C-9CD6-7C611B55B9E3}.Debug|Any CPU.Build.0 = Debug|Any CPU
		{1D419A07-A24C-470C-9CD6-7C611B55B9E3}.Release|Any CPU.ActiveCfg = Release|Any CPU
		{1D419A07-A24C-470C-9CD6-7C611B55B9E3}.Release|Any CPU.Build.0 = Release|Any CPU
		{DCF309BF-CC45-427A-80B8-166C15B59D62}.Debug|Any CPU.ActiveCfg = Debug|Any CPU
		{DCF309BF-CC45-427A-80B8-166C15B59D62}.Debug|Any CPU.Build.0 = Debug|Any CPU
		{DCF309BF-CC45-427A-80B8-166C15B59D62}.Release|Any CPU.ActiveCfg = Release|Any CPU
		{DCF309BF-CC45-427A-80B8-166C15B59D62}.Release|Any CPU.Build.0 = Release|Any CPU
		{CC5D1FB3-D748-4F23-8365-FCA15C304DCA}.Debug|Any CPU.ActiveCfg = Debug|Any CPU
		{CC5D1FB3-D748-4F23-8365-FCA15C304DCA}.Debug|Any CPU.Build.0 = Debug|Any CPU
		{CC5D1FB3-D748-4F23-8365-FCA15C304DCA}.Release|Any CPU.ActiveCfg = Release|Any CPU
		{CC5D1FB3-D748-4F23-8365-FCA15C304DCA}.Release|Any CPU.Build.0 = Release|Any CPU
		{18ABD13A-71C6-4ECA-9685-04066404C1D9}.Debug|Any CPU.ActiveCfg = Debug|Any CPU
		{18ABD13A-71C6-4ECA-9685-04066404C1D9}.Debug|Any CPU.Build.0 = Debug|Any CPU
		{18ABD13A-71C6-4ECA-9685-04066404C1D9}.Release|Any CPU.ActiveCfg = Release|Any CPU
		{18ABD13A-71C6-4ECA-9685-04066404C1D9}.Release|Any CPU.Build.0 = Release|Any CPU
		{F0EEDAB6-AABD-49B9-9DAC-95019B98D5B4}.Debug|Any CPU.ActiveCfg = Debug|Any CPU
		{F0EEDAB6-AABD-49B9-9DAC-95019B98D5B4}.Debug|Any CPU.Build.0 = Debug|Any CPU
		{F0EEDAB6-AABD-49B9-9DAC-95019B98D5B4}.Release|Any CPU.ActiveCfg = Release|Any CPU
		{F0EEDAB6-AABD-49B9-9DAC-95019B98D5B4}.Release|Any CPU.Build.0 = Release|Any CPU
		{12272FD4-58F6-42B6-BE62-7E73C04FB7A7}.Debug|Any CPU.ActiveCfg = Debug|Any CPU
		{12272FD4-58F6-42B6-BE62-7E73C04FB7A7}.Debug|Any CPU.Build.0 = Debug|Any CPU
		{12272FD4-58F6-42B6-BE62-7E73C04FB7A7}.Release|Any CPU.ActiveCfg = Release|Any CPU
		{12272FD4-58F6-42B6-BE62-7E73C04FB7A7}.Release|Any CPU.Build.0 = Release|Any CPU
	EndGlobalSection
	GlobalSection(NestedProjects) = preSolution
		{38E22C65-8C05-4703-9587-A0133996C165} = {8379C50E-4E57-49A3-8AB1-BEC01D3CB81F}
		{3D7EFB7C-D1A3-45F6-8BF7-7944825B0D9C} = {8379C50E-4E57-49A3-8AB1-BEC01D3CB81F}
		{02E5FFF0-7332-4E91-A315-421EA044DC4B} = {8379C50E-4E57-49A3-8AB1-BEC01D3CB81F}
		{982DEF03-AD20-4FB7-8791-C1CAD3C6FA7A} = {180FAD0F-CEF1-43DF-B15B-C4D4D74EDF7C}
		{2965918A-6A37-4C59-8BE8-B7C4C4DAA6D7} = {180FAD0F-CEF1-43DF-B15B-C4D4D74EDF7C}
		{AA893AFD-6518-4E1F-A205-E32DDFCEF228} = {3962AEC7-0B44-4291-8B32-55DB84511B8B}
		{76BBB117-03D0-467D-B67F-FA4B70B8A03A} = {3962AEC7-0B44-4291-8B32-55DB84511B8B}
		{4C71CF97-BCE0-4578-9513-A4B961254339} = {88DB3BAA-BC1D-4D7C-9502-C671B31BA6BE}
		{39351F2B-EFF1-4BC6-BE5A-0EFD516ABA6B} = {88DB3BAA-BC1D-4D7C-9502-C671B31BA6BE}
		{E2DD23DC-A8D9-4BB5-BA62-E57BE7EF5077} = {88DB3BAA-BC1D-4D7C-9502-C671B31BA6BE}
		{431001DA-C1CF-415D-84A8-E63D5980B13D} = {3962AEC7-0B44-4291-8B32-55DB84511B8B}
		{95CBE9F2-9E58-4360-8492-8CB4057C2723} = {3962AEC7-0B44-4291-8B32-55DB84511B8B}
		{5C343CCF-C360-4CCF-9322-75BA24AC7A69} = {0A205128-7E45-4AAF-96F5-749119BF47E5}
		{1E3672DE-5FFB-4AEC-A272-D26826517047} = {0A205128-7E45-4AAF-96F5-749119BF47E5}
		{AEFC0E6E-D7BB-4167-ADC3-5F05E0DB8ED8} = {0A205128-7E45-4AAF-96F5-749119BF47E5}
		{C84FFEED-DFF0-4FEF-918D-923291EA89B8} = {8379C50E-4E57-49A3-8AB1-BEC01D3CB81F}
		{B7C4DF2D-566C-4E92-B0E1-FBBB04C4630D} = {C5F1CD9D-6E6A-4EFD-8E13-DBBE4BC04205}
		{7A493341-4540-4F74-BBA5-A3394D1732FB} = {C5F1CD9D-6E6A-4EFD-8E13-DBBE4BC04205}
		{D4130AB6-BFB7-4890-A23C-0661DF7F7511} = {BCA843E9-83B1-469E-829A-8F6D77A70FD3}
		{505295EC-A4F2-4673-8A33-52E32AB0BE1E} = {BCA843E9-83B1-469E-829A-8F6D77A70FD3}
		{A48F3287-1B2D-4FE1-9DE8-288792058941} = {BCA843E9-83B1-469E-829A-8F6D77A70FD3}
		{1D419A07-A24C-470C-9CD6-7C611B55B9E3} = {BCA843E9-83B1-469E-829A-8F6D77A70FD3}
		{DCF309BF-CC45-427A-80B8-166C15B59D62} = {BCA843E9-83B1-469E-829A-8F6D77A70FD3}
		{CC5D1FB3-D748-4F23-8365-FCA15C304DCA} = {C5F1CD9D-6E6A-4EFD-8E13-DBBE4BC04205}
		{18ABD13A-71C6-4ECA-9685-04066404C1D9} = {C5F1CD9D-6E6A-4EFD-8E13-DBBE4BC04205}
		{F0EEDAB6-AABD-49B9-9DAC-95019B98D5B4} = {C5F1CD9D-6E6A-4EFD-8E13-DBBE4BC04205}
		{12272FD4-58F6-42B6-BE62-7E73C04FB7A7} = {3962AEC7-0B44-4291-8B32-55DB84511B8B}
	EndGlobalSection
EndGlobal
